
Microsoft Visual Studio Solution File, Format Version 12.00
# Visual Studio Version 17
VisualStudioVersion = 17.8.34330.188
MinimumVisualStudioVersion = 10.0.40219.1
Project("{FAE04EC0-301F-11D3-BF4B-00C04F79EFBC}") = "NumerandoFrazionando", "NumerandoFrazionando\NumerandoFrazionando.csproj", "{B4751997-E234-417B-88E8-3723704505EC}"
EndProject
Global
	GlobalSection(SolutionConfigurationPlatforms) = preSolution
		Debug|Any CPU = Debug|Any CPU
		Release|Any CPU = Release|Any CPU
	EndGlobalSection
	GlobalSection(ProjectConfigurationPlatforms) = postSolution
		{B4751997-E234-417B-88E8-3723704505EC}.Debug|Any CPU.ActiveCfg = Debug|Any CPU
		{B4751997-E234-417B-88E8-3723704505EC}.Debug|Any CPU.Build.0 = Debug|Any CPU
		{B4751997-E234-417B-88E8-3723704505EC}.Release|Any CPU.ActiveCfg = Release|Any CPU
		{B4751997-E234-417B-88E8-3723704505EC}.Release|Any CPU.Build.0 = Release|Any CPU
	EndGlobalSection
	GlobalSection(SolutionProperties) = preSolution
		HideSolutionNode = FALSE
	EndGlobalSection
	GlobalSection(ExtensibilityGlobals) = postSolution
		SolutionGuid = {1BC0BAC0-1DC6-4279-AC43-DDAF19FE5897}
	EndGlobalSection
EndGlobal
